// !$*UTF8*$!
{
	archiveVersion = 1;
	classes = {
	};
	objectVersion = 50;
	objects = {

/* Begin PBXBuildFile section */
		0A9E13DB22B7E2440039700D /* AppDelegate.swift in Sources */ = {isa = PBXBuildFile; fileRef = 0A9E13DA22B7E2440039700D /* AppDelegate.swift */; };
		0A9E13DD22B7E2440039700D /* GameScene.sks in Resources */ = {isa = PBXBuildFile; fileRef = 0A9E13DC22B7E2440039700D /* GameScene.sks */; };
		0A9E13DF22B7E2440039700D /* Actions.sks in Resources */ = {isa = PBXBuildFile; fileRef = 0A9E13DE22B7E2440039700D /* Actions.sks */; };
		0A9E13E122B7E2440039700D /* GameScene.swift in Sources */ = {isa = PBXBuildFile; fileRef = 0A9E13E022B7E2440039700D /* GameScene.swift */; };
		0A9E13E322B7E2440039700D /* GameViewController.swift in Sources */ = {isa = PBXBuildFile; fileRef = 0A9E13E222B7E2440039700D /* GameViewController.swift */; };
		0A9E13E622B7E2440039700D /* Main.storyboard in Resources */ = {isa = PBXBuildFile; fileRef = 0A9E13E422B7E2440039700D /* Main.storyboard */; };
		0A9E13E822B7E2450039700D /* Assets.xcassets in Resources */ = {isa = PBXBuildFile; fileRef = 0A9E13E722B7E2450039700D /* Assets.xcassets */; };
		0A9E13EB22B7E2450039700D /* LaunchScreen.storyboard in Resources */ = {isa = PBXBuildFile; fileRef = 0A9E13E922B7E2450039700D /* LaunchScreen.storyboard */; };
		0A9E13F622B7E2450039700D /* Spoon_PatrolTests.swift in Sources */ = {isa = PBXBuildFile; fileRef = 0A9E13F522B7E2450039700D /* Spoon_PatrolTests.swift */; };
		0A9E140122B7E2450039700D /* Spoon_PatrolUITests.swift in Sources */ = {isa = PBXBuildFile; fileRef = 0A9E140022B7E2450039700D /* Spoon_PatrolUITests.swift */; };
		0A9E140F22B871A60039700D /* TitleScene.swift in Sources */ = {isa = PBXBuildFile; fileRef = 0A9E140E22B871A60039700D /* TitleScene.swift */; };
		0A9E141122B871DE0039700D /* GameOverScene.swift in Sources */ = {isa = PBXBuildFile; fileRef = 0A9E141022B871DE0039700D /* GameOverScene.swift */; };
		0A9E141322B8721B0039700D /* KTSpriteNode.swift in Sources */ = {isa = PBXBuildFile; fileRef = 0A9E141222B8721B0039700D /* KTSpriteNode.swift */; };
		0A9E141722B872550039700D /* ProtrudingObstacle.swift in Sources */ = {isa = PBXBuildFile; fileRef = 0A9E141422B872550039700D /* ProtrudingObstacle.swift */; };
		0A9E141822B872550039700D /* FlyingPan.swift in Sources */ = {isa = PBXBuildFile; fileRef = 0A9E141522B872550039700D /* FlyingPan.swift */; };
		0A9E141922B872550039700D /* Patroller.swift in Sources */ = {isa = PBXBuildFile; fileRef = 0A9E141622B872550039700D /* Patroller.swift */; };
		0A9E141B22B872B50039700D /* FriendlySpoon.swift in Sources */ = {isa = PBXBuildFile; fileRef = 0A9E141A22B872B50039700D /* FriendlySpoon.swift */; };
		0A9E141E22B872EE0039700D /* blop.wav in Resources */ = {isa = PBXBuildFile; fileRef = 0A9E141C22B872EE0039700D /* blop.wav */; };
		0A9E141F22B872EE0039700D /* March of the Spoons.mp3 in Resources */ = {isa = PBXBuildFile; fileRef = 0A9E141D22B872EE0039700D /* March of the Spoons.mp3 */; };
		0A9E142122B873400039700D /* DivotObstacle.swift in Sources */ = {isa = PBXBuildFile; fileRef = 0A9E142022B873400039700D /* DivotObstacle.swift */; };
		0A9E142322B8735B0039700D /* GroundObstacle.swift in Sources */ = {isa = PBXBuildFile; fileRef = 0A9E142222B8735B0039700D /* GroundObstacle.swift */; };
		0A9E142522BA8B490039700D /* PancakeBomb.swift in Sources */ = {isa = PBXBuildFile; fileRef = 0A9E142422BA8B490039700D /* PancakeBomb.swift */; };
		0A9E142722BA91E80039700D /* Ground.swift in Sources */ = {isa = PBXBuildFile; fileRef = 0A9E142622BA91E80039700D /* Ground.swift */; };
/* End PBXBuildFile section */

/* Begin PBXContainerItemProxy section */
		0A9E13F222B7E2450039700D /* PBXContainerItemProxy */ = {
			isa = PBXContainerItemProxy;
			containerPortal = 0A9E13CF22B7E2440039700D /* Project object */;
			proxyType = 1;
			remoteGlobalIDString = 0A9E13D622B7E2440039700D;
			remoteInfo = "Spoon Patrol";
		};
		0A9E13FD22B7E2450039700D /* PBXContainerItemProxy */ = {
			isa = PBXContainerItemProxy;
			containerPortal = 0A9E13CF22B7E2440039700D /* Project object */;
			proxyType = 1;
			remoteGlobalIDString = 0A9E13D622B7E2440039700D;
			remoteInfo = "Spoon Patrol";
		};
/* End PBXContainerItemProxy section */

/* Begin PBXFileReference section */
		0A9E13D722B7E2440039700D /* Spoon Patrol.app */ = {isa = PBXFileReference; explicitFileType = wrapper.application; includeInIndex = 0; path = "Spoon Patrol.app"; sourceTree = BUILT_PRODUCTS_DIR; };
		0A9E13DA22B7E2440039700D /* AppDelegate.swift */ = {isa = PBXFileReference; lastKnownFileType = sourcecode.swift; path = AppDelegate.swift; sourceTree = "<group>"; };
		0A9E13DC22B7E2440039700D /* GameScene.sks */ = {isa = PBXFileReference; lastKnownFileType = file.sks; path = GameScene.sks; sourceTree = "<group>"; };
		0A9E13DE22B7E2440039700D /* Actions.sks */ = {isa = PBXFileReference; lastKnownFileType = file.sks; path = Actions.sks; sourceTree = "<group>"; };
		0A9E13E022B7E2440039700D /* GameScene.swift */ = {isa = PBXFileReference; lastKnownFileType = sourcecode.swift; path = GameScene.swift; sourceTree = "<group>"; };
		0A9E13E222B7E2440039700D /* GameViewController.swift */ = {isa = PBXFileReference; lastKnownFileType = sourcecode.swift; path = GameViewController.swift; sourceTree = "<group>"; };
		0A9E13E522B7E2440039700D /* Base */ = {isa = PBXFileReference; lastKnownFileType = file.storyboard; name = Base; path = Base.lproj/Main.storyboard; sourceTree = "<group>"; };
		0A9E13E722B7E2450039700D /* Assets.xcassets */ = {isa = PBXFileReference; lastKnownFileType = folder.assetcatalog; path = Assets.xcassets; sourceTree = "<group>"; };
		0A9E13EA22B7E2450039700D /* Base */ = {isa = PBXFileReference; lastKnownFileType = file.storyboard; name = Base; path = Base.lproj/LaunchScreen.storyboard; sourceTree = "<group>"; };
		0A9E13EC22B7E2450039700D /* Info.plist */ = {isa = PBXFileReference; lastKnownFileType = text.plist.xml; path = Info.plist; sourceTree = "<group>"; };
		0A9E13F122B7E2450039700D /* Spoon PatrolTests.xctest */ = {isa = PBXFileReference; explicitFileType = wrapper.cfbundle; includeInIndex = 0; path = "Spoon PatrolTests.xctest"; sourceTree = BUILT_PRODUCTS_DIR; };
		0A9E13F522B7E2450039700D /* Spoon_PatrolTests.swift */ = {isa = PBXFileReference; lastKnownFileType = sourcecode.swift; path = Spoon_PatrolTests.swift; sourceTree = "<group>"; };
		0A9E13F722B7E2450039700D /* Info.plist */ = {isa = PBXFileReference; lastKnownFileType = text.plist.xml; path = Info.plist; sourceTree = "<group>"; };
		0A9E13FC22B7E2450039700D /* Spoon PatrolUITests.xctest */ = {isa = PBXFileReference; explicitFileType = wrapper.cfbundle; includeInIndex = 0; path = "Spoon PatrolUITests.xctest"; sourceTree = BUILT_PRODUCTS_DIR; };
		0A9E140022B7E2450039700D /* Spoon_PatrolUITests.swift */ = {isa = PBXFileReference; lastKnownFileType = sourcecode.swift; path = Spoon_PatrolUITests.swift; sourceTree = "<group>"; };
		0A9E140222B7E2450039700D /* Info.plist */ = {isa = PBXFileReference; lastKnownFileType = text.plist.xml; path = Info.plist; sourceTree = "<group>"; };
		0A9E140E22B871A60039700D /* TitleScene.swift */ = {isa = PBXFileReference; lastKnownFileType = sourcecode.swift; path = TitleScene.swift; sourceTree = "<group>"; };
		0A9E141022B871DE0039700D /* GameOverScene.swift */ = {isa = PBXFileReference; lastKnownFileType = sourcecode.swift; path = GameOverScene.swift; sourceTree = "<group>"; };
		0A9E141222B8721B0039700D /* KTSpriteNode.swift */ = {isa = PBXFileReference; fileEncoding = 4; lastKnownFileType = sourcecode.swift; path = KTSpriteNode.swift; sourceTree = "<group>"; };
		0A9E141422B872550039700D /* ProtrudingObstacle.swift */ = {isa = PBXFileReference; fileEncoding = 4; lastKnownFileType = sourcecode.swift; path = ProtrudingObstacle.swift; sourceTree = "<group>"; };
		0A9E141522B872550039700D /* FlyingPan.swift */ = {isa = PBXFileReference; fileEncoding = 4; lastKnownFileType = sourcecode.swift; path = FlyingPan.swift; sourceTree = "<group>"; };
		0A9E141622B872550039700D /* Patroller.swift */ = {isa = PBXFileReference; fileEncoding = 4; lastKnownFileType = sourcecode.swift; path = Patroller.swift; sourceTree = "<group>"; };
		0A9E141A22B872B50039700D /* FriendlySpoon.swift */ = {isa = PBXFileReference; lastKnownFileType = sourcecode.swift; path = FriendlySpoon.swift; sourceTree = "<group>"; };
		0A9E141C22B872EE0039700D /* blop.wav */ = {isa = PBXFileReference; lastKnownFileType = audio.wav; path = blop.wav; sourceTree = "<group>"; };
		0A9E141D22B872EE0039700D /* March of the Spoons.mp3 */ = {isa = PBXFileReference; lastKnownFileType = audio.mp3; path = "March of the Spoons.mp3"; sourceTree = "<group>"; };
		0A9E142022B873400039700D /* DivotObstacle.swift */ = {isa = PBXFileReference; lastKnownFileType = sourcecode.swift; path = DivotObstacle.swift; sourceTree = "<group>"; };
		0A9E142222B8735B0039700D /* GroundObstacle.swift */ = {isa = PBXFileReference; lastKnownFileType = sourcecode.swift; path = GroundObstacle.swift; sourceTree = "<group>"; };
		0A9E142422BA8B490039700D /* PancakeBomb.swift */ = {isa = PBXFileReference; lastKnownFileType = sourcecode.swift; path = PancakeBomb.swift; sourceTree = "<group>"; };
		0A9E142622BA91E80039700D /* Ground.swift */ = {isa = PBXFileReference; lastKnownFileType = sourcecode.swift; path = Ground.swift; sourceTree = "<group>"; };
/* End PBXFileReference section */

/* Begin PBXFrameworksBuildPhase section */
		0A9E13D422B7E2440039700D /* Frameworks */ = {
			isa = PBXFrameworksBuildPhase;
			buildActionMask = 2147483647;
			files = (
			);
			runOnlyForDeploymentPostprocessing = 0;
		};
		0A9E13EE22B7E2450039700D /* Frameworks */ = {
			isa = PBXFrameworksBuildPhase;
			buildActionMask = 2147483647;
			files = (
			);
			runOnlyForDeploymentPostprocessing = 0;
		};
		0A9E13F922B7E2450039700D /* Frameworks */ = {
			isa = PBXFrameworksBuildPhase;
			buildActionMask = 2147483647;
			files = (
			);
			runOnlyForDeploymentPostprocessing = 0;
		};
/* End PBXFrameworksBuildPhase section */

/* Begin PBXGroup section */
		0A9E13CE22B7E2440039700D = {
			isa = PBXGroup;
			children = (
				0A9E13D922B7E2440039700D /* Spoon Patrol */,
				0A9E13F422B7E2450039700D /* Spoon PatrolTests */,
				0A9E13FF22B7E2450039700D /* Spoon PatrolUITests */,
				0A9E13D822B7E2440039700D /* Products */,
			);
			sourceTree = "<group>";
		};
		0A9E13D822B7E2440039700D /* Products */ = {
			isa = PBXGroup;
			children = (
				0A9E13D722B7E2440039700D /* Spoon Patrol.app */,
				0A9E13F122B7E2450039700D /* Spoon PatrolTests.xctest */,
				0A9E13FC22B7E2450039700D /* Spoon PatrolUITests.xctest */,
			);
			name = Products;
			sourceTree = "<group>";
		};
		0A9E13D922B7E2440039700D /* Spoon Patrol */ = {
			isa = PBXGroup;
			children = (
				0A9E13DA22B7E2440039700D /* AppDelegate.swift */,
				0A9E13E222B7E2440039700D /* GameViewController.swift */,
				0A9E13DC22B7E2440039700D /* GameScene.sks */,
				0A9E13DE22B7E2440039700D /* Actions.sks */,
				0A9E140E22B871A60039700D /* TitleScene.swift */,
				0A9E13E022B7E2440039700D /* GameScene.swift */,
				0A9E141022B871DE0039700D /* GameOverScene.swift */,
				0A9E142622BA91E80039700D /* Ground.swift */,
				0A9E141222B8721B0039700D /* KTSpriteNode.swift */,
				0A9E141622B872550039700D /* Patroller.swift */,
				0A9E141A22B872B50039700D /* FriendlySpoon.swift */,
				0A9E142222B8735B0039700D /* GroundObstacle.swift */,
				0A9E142022B873400039700D /* DivotObstacle.swift */,
				0A9E141422B872550039700D /* ProtrudingObstacle.swift */,
				0A9E141522B872550039700D /* FlyingPan.swift */,
				0A9E142422BA8B490039700D /* PancakeBomb.swift */,
				0A9E141C22B872EE0039700D /* blop.wav */,
				0A9E141D22B872EE0039700D /* March of the Spoons.mp3 */,
				0A9E13E722B7E2450039700D /* Assets.xcassets */,
				0A9E13E422B7E2440039700D /* Main.storyboard */,
				0A9E13E922B7E2450039700D /* LaunchScreen.storyboard */,
				0A9E13EC22B7E2450039700D /* Info.plist */,
			);
			path = "Spoon Patrol";
			sourceTree = "<group>";
		};
		0A9E13F422B7E2450039700D /* Spoon PatrolTests */ = {
			isa = PBXGroup;
			children = (
				0A9E13F522B7E2450039700D /* Spoon_PatrolTests.swift */,
				0A9E13F722B7E2450039700D /* Info.plist */,
			);
			path = "Spoon PatrolTests";
			sourceTree = "<group>";
		};
		0A9E13FF22B7E2450039700D /* Spoon PatrolUITests */ = {
			isa = PBXGroup;
			children = (
				0A9E140022B7E2450039700D /* Spoon_PatrolUITests.swift */,
				0A9E140222B7E2450039700D /* Info.plist */,
			);
			path = "Spoon PatrolUITests";
			sourceTree = "<group>";
		};
/* End PBXGroup section */

/* Begin PBXNativeTarget section */
		0A9E13D622B7E2440039700D /* Spoon Patrol */ = {
			isa = PBXNativeTarget;
			buildConfigurationList = 0A9E140522B7E2450039700D /* Build configuration list for PBXNativeTarget "Spoon Patrol" */;
			buildPhases = (
				0A9E13D322B7E2440039700D /* Sources */,
				0A9E13D422B7E2440039700D /* Frameworks */,
				0A9E13D522B7E2440039700D /* Resources */,
			);
			buildRules = (
			);
			dependencies = (
			);
			name = "Spoon Patrol";
			productName = "Spoon Patrol";
			productReference = 0A9E13D722B7E2440039700D /* Spoon Patrol.app */;
			productType = "com.apple.product-type.application";
		};
		0A9E13F022B7E2450039700D /* Spoon PatrolTests */ = {
			isa = PBXNativeTarget;
			buildConfigurationList = 0A9E140822B7E2450039700D /* Build configuration list for PBXNativeTarget "Spoon PatrolTests" */;
			buildPhases = (
				0A9E13ED22B7E2450039700D /* Sources */,
				0A9E13EE22B7E2450039700D /* Frameworks */,
				0A9E13EF22B7E2450039700D /* Resources */,
			);
			buildRules = (
			);
			dependencies = (
				0A9E13F322B7E2450039700D /* PBXTargetDependency */,
			);
			name = "Spoon PatrolTests";
			productName = "Spoon PatrolTests";
			productReference = 0A9E13F122B7E2450039700D /* Spoon PatrolTests.xctest */;
			productType = "com.apple.product-type.bundle.unit-test";
		};
		0A9E13FB22B7E2450039700D /* Spoon PatrolUITests */ = {
			isa = PBXNativeTarget;
			buildConfigurationList = 0A9E140B22B7E2450039700D /* Build configuration list for PBXNativeTarget "Spoon PatrolUITests" */;
			buildPhases = (
				0A9E13F822B7E2450039700D /* Sources */,
				0A9E13F922B7E2450039700D /* Frameworks */,
				0A9E13FA22B7E2450039700D /* Resources */,
			);
			buildRules = (
			);
			dependencies = (
				0A9E13FE22B7E2450039700D /* PBXTargetDependency */,
			);
			name = "Spoon PatrolUITests";
			productName = "Spoon PatrolUITests";
			productReference = 0A9E13FC22B7E2450039700D /* Spoon PatrolUITests.xctest */;
			productType = "com.apple.product-type.bundle.ui-testing";
		};
/* End PBXNativeTarget section */

/* Begin PBXProject section */
		0A9E13CF22B7E2440039700D /* Project object */ = {
			isa = PBXProject;
			attributes = {
				LastSwiftUpdateCheck = 1020;
				LastUpgradeCheck = 1020;
				ORGANIZATIONNAME = "Kevin Trickey";
				TargetAttributes = {
					0A9E13D622B7E2440039700D = {
						CreatedOnToolsVersion = 10.2.1;
					};
					0A9E13F022B7E2450039700D = {
						CreatedOnToolsVersion = 10.2.1;
						TestTargetID = 0A9E13D622B7E2440039700D;
					};
					0A9E13FB22B7E2450039700D = {
						CreatedOnToolsVersion = 10.2.1;
						TestTargetID = 0A9E13D622B7E2440039700D;
					};
				};
			};
			buildConfigurationList = 0A9E13D222B7E2440039700D /* Build configuration list for PBXProject "Spoon Patrol" */;
			compatibilityVersion = "Xcode 9.3";
			developmentRegion = en;
			hasScannedForEncodings = 0;
			knownRegions = (
				en,
				Base,
			);
			mainGroup = 0A9E13CE22B7E2440039700D;
			productRefGroup = 0A9E13D822B7E2440039700D /* Products */;
			projectDirPath = "";
			projectRoot = "";
			targets = (
				0A9E13D622B7E2440039700D /* Spoon Patrol */,
				0A9E13F022B7E2450039700D /* Spoon PatrolTests */,
				0A9E13FB22B7E2450039700D /* Spoon PatrolUITests */,
			);
		};
/* End PBXProject section */

/* Begin PBXResourcesBuildPhase section */
		0A9E13D522B7E2440039700D /* Resources */ = {
			isa = PBXResourcesBuildPhase;
			buildActionMask = 2147483647;
			files = (
				0A9E141F22B872EE0039700D /* March of the Spoons.mp3 in Resources */,
				0A9E13E622B7E2440039700D /* Main.storyboard in Resources */,
				0A9E13DD22B7E2440039700D /* GameScene.sks in Resources */,
				0A9E13E822B7E2450039700D /* Assets.xcassets in Resources */,
				0A9E141E22B872EE0039700D /* blop.wav in Resources */,
				0A9E13EB22B7E2450039700D /* LaunchScreen.storyboard in Resources */,
				0A9E13DF22B7E2440039700D /* Actions.sks in Resources */,
			);
			runOnlyForDeploymentPostprocessing = 0;
		};
		0A9E13EF22B7E2450039700D /* Resources */ = {
			isa = PBXResourcesBuildPhase;
			buildActionMask = 2147483647;
			files = (
			);
			runOnlyForDeploymentPostprocessing = 0;
		};
		0A9E13FA22B7E2450039700D /* Resources */ = {
			isa = PBXResourcesBuildPhase;
			buildActionMask = 2147483647;
			files = (
			);
			runOnlyForDeploymentPostprocessing = 0;
		};
/* End PBXResourcesBuildPhase section */

/* Begin PBXSourcesBuildPhase section */
		0A9E13D322B7E2440039700D /* Sources */ = {
			isa = PBXSourcesBuildPhase;
			buildActionMask = 2147483647;
			files = (
				0A9E141122B871DE0039700D /* GameOverScene.swift in Sources */,
				0A9E141922B872550039700D /* Patroller.swift in Sources */,
				0A9E142722BA91E80039700D /* Ground.swift in Sources */,
				0A9E141322B8721B0039700D /* KTSpriteNode.swift in Sources */,
				0A9E13E122B7E2440039700D /* GameScene.swift in Sources */,
				0A9E141722B872550039700D /* ProtrudingObstacle.swift in Sources */,
				0A9E13E322B7E2440039700D /* GameViewController.swift in Sources */,
				0A9E13DB22B7E2440039700D /* AppDelegate.swift in Sources */,
				0A9E142522BA8B490039700D /* PancakeBomb.swift in Sources */,
				0A9E142122B873400039700D /* DivotObstacle.swift in Sources */,
				0A9E141822B872550039700D /* FlyingPan.swift in Sources */,
				0A9E141B22B872B50039700D /* FriendlySpoon.swift in Sources */,
				0A9E140F22B871A60039700D /* TitleScene.swift in Sources */,
				0A9E142322B8735B0039700D /* GroundObstacle.swift in Sources */,
			);
			runOnlyForDeploymentPostprocessing = 0;
		};
		0A9E13ED22B7E2450039700D /* Sources */ = {
			isa = PBXSourcesBuildPhase;
			buildActionMask = 2147483647;
			files = (
				0A9E13F622B7E2450039700D /* Spoon_PatrolTests.swift in Sources */,
			);
			runOnlyForDeploymentPostprocessing = 0;
		};
		0A9E13F822B7E2450039700D /* Sources */ = {
			isa = PBXSourcesBuildPhase;
			buildActionMask = 2147483647;
			files = (
				0A9E140122B7E2450039700D /* Spoon_PatrolUITests.swift in Sources */,
			);
			runOnlyForDeploymentPostprocessing = 0;
		};
/* End PBXSourcesBuildPhase section */

/* Begin PBXTargetDependency section */
		0A9E13F322B7E2450039700D /* PBXTargetDependency */ = {
			isa = PBXTargetDependency;
			target = 0A9E13D622B7E2440039700D /* Spoon Patrol */;
			targetProxy = 0A9E13F222B7E2450039700D /* PBXContainerItemProxy */;
		};
		0A9E13FE22B7E2450039700D /* PBXTargetDependency */ = {
			isa = PBXTargetDependency;
			target = 0A9E13D622B7E2440039700D /* Spoon Patrol */;
			targetProxy = 0A9E13FD22B7E2450039700D /* PBXContainerItemProxy */;
		};
/* End PBXTargetDependency section */

/* Begin PBXVariantGroup section */
		0A9E13E422B7E2440039700D /* Main.storyboard */ = {
			isa = PBXVariantGroup;
			children = (
				0A9E13E522B7E2440039700D /* Base */,
			);
			name = Main.storyboard;
			sourceTree = "<group>";
		};
		0A9E13E922B7E2450039700D /* LaunchScreen.storyboard */ = {
			isa = PBXVariantGroup;
			children = (
				0A9E13EA22B7E2450039700D /* Base */,
			);
			name = LaunchScreen.storyboard;
			sourceTree = "<group>";
		};
/* End PBXVariantGroup section */

/* Begin XCBuildConfiguration section */
		0A9E140322B7E2450039700D /* Debug */ = {
			isa = XCBuildConfiguration;
			buildSettings = {
				ALWAYS_SEARCH_USER_PATHS = NO;
				CLANG_ANALYZER_NONNULL = YES;
				CLANG_ANALYZER_NUMBER_OBJECT_CONVERSION = YES_AGGRESSIVE;
				CLANG_CXX_LANGUAGE_STANDARD = "gnu++14";
				CLANG_CXX_LIBRARY = "libc++";
				CLANG_ENABLE_MODULES = YES;
				CLANG_ENABLE_OBJC_ARC = YES;
				CLANG_ENABLE_OBJC_WEAK = YES;
				CLANG_WARN_BLOCK_CAPTURE_AUTORELEASING = YES;
				CLANG_WARN_BOOL_CONVERSION = YES;
				CLANG_WARN_COMMA = YES;
				CLANG_WARN_CONSTANT_CONVERSION = YES;
				CLANG_WARN_DEPRECATED_OBJC_IMPLEMENTATIONS = YES;
				CLANG_WARN_DIRECT_OBJC_ISA_USAGE = YES_ERROR;
				CLANG_WARN_DOCUMENTATION_COMMENTS = YES;
				CLANG_WARN_EMPTY_BODY = YES;
				CLANG_WARN_ENUM_CONVERSION = YES;
				CLANG_WARN_INFINITE_RECURSION = YES;
				CLANG_WARN_INT_CONVERSION = YES;
				CLANG_WARN_NON_LITERAL_NULL_CONVERSION = YES;
				CLANG_WARN_OBJC_IMPLICIT_RETAIN_SELF = YES;
				CLANG_WARN_OBJC_LITERAL_CONVERSION = YES;
				CLANG_WARN_OBJC_ROOT_CLASS = YES_ERROR;
				CLANG_WARN_RANGE_LOOP_ANALYSIS = YES;
				CLANG_WARN_STRICT_PROTOTYPES = YES;
				CLANG_WARN_SUSPICIOUS_MOVE = YES;
				CLANG_WARN_UNGUARDED_AVAILABILITY = YES_AGGRESSIVE;
				CLANG_WARN_UNREACHABLE_CODE = YES;
				CLANG_WARN__DUPLICATE_METHOD_MATCH = YES;
				CODE_SIGN_IDENTITY = "iPhone Developer";
				COPY_PHASE_STRIP = NO;
				DEBUG_INFORMATION_FORMAT = dwarf;
				ENABLE_STRICT_OBJC_MSGSEND = YES;
				ENABLE_TESTABILITY = YES;
				GCC_C_LANGUAGE_STANDARD = gnu11;
				GCC_DYNAMIC_NO_PIC = NO;
				GCC_NO_COMMON_BLOCKS = YES;
				GCC_OPTIMIZATION_LEVEL = 0;
				GCC_PREPROCESSOR_DEFINITIONS = (
					"DEBUG=1",
					"$(inherited)",
				);
				GCC_WARN_64_TO_32_BIT_CONVERSION = YES;
				GCC_WARN_ABOUT_RETURN_TYPE = YES_ERROR;
				GCC_WARN_UNDECLARED_SELECTOR = YES;
				GCC_WARN_UNINITIALIZED_AUTOS = YES_AGGRESSIVE;
				GCC_WARN_UNUSED_FUNCTION = YES;
				GCC_WARN_UNUSED_VARIABLE = YES;
				IPHONEOS_DEPLOYMENT_TARGET = 12.2;
				MTL_ENABLE_DEBUG_INFO = INCLUDE_SOURCE;
				MTL_FAST_MATH = YES;
				ONLY_ACTIVE_ARCH = YES;
				SDKROOT = iphoneos;
				SWIFT_ACTIVE_COMPILATION_CONDITIONS = DEBUG;
				SWIFT_OPTIMIZATION_LEVEL = "-Onone";
			};
			name = Debug;
		};
		0A9E140422B7E2450039700D /* Release */ = {
			isa = XCBuildConfiguration;
			buildSettings = {
				ALWAYS_SEARCH_USER_PATHS = NO;
				CLANG_ANALYZER_NONNULL = YES;
				CLANG_ANALYZER_NUMBER_OBJECT_CONVERSION = YES_AGGRESSIVE;
				CLANG_CXX_LANGUAGE_STANDARD = "gnu++14";
				CLANG_CXX_LIBRARY = "libc++";
				CLANG_ENABLE_MODULES = YES;
				CLANG_ENABLE_OBJC_ARC = YES;
				CLANG_ENABLE_OBJC_WEAK = YES;
				CLANG_WARN_BLOCK_CAPTURE_AUTORELEASING = YES;
				CLANG_WARN_BOOL_CONVERSION = YES;
				CLANG_WARN_COMMA = YES;
				CLANG_WARN_CONSTANT_CONVERSION = YES;
				CLANG_WARN_DEPRECATED_OBJC_IMPLEMENTATIONS = YES;
				CLANG_WARN_DIRECT_OBJC_ISA_USAGE = YES_ERROR;
				CLANG_WARN_DOCUMENTATION_COMMENTS = YES;
				CLANG_WARN_EMPTY_BODY = YES;
				CLANG_WARN_ENUM_CONVERSION = YES;
				CLANG_WARN_INFINITE_RECURSION = YES;
				CLANG_WARN_INT_CONVERSION = YES;
				CLANG_WARN_NON_LITERAL_NULL_CONVERSION = YES;
				CLANG_WARN_OBJC_IMPLICIT_RETAIN_SELF = YES;
				CLANG_WARN_OBJC_LITERAL_CONVERSION = YES;
				CLANG_WARN_OBJC_ROOT_CLASS = YES_ERROR;
				CLANG_WARN_RANGE_LOOP_ANALYSIS = YES;
				CLANG_WARN_STRICT_PROTOTYPES = YES;
				CLANG_WARN_SUSPICIOUS_MOVE = YES;
				CLANG_WARN_UNGUARDED_AVAILABILITY = YES_AGGRESSIVE;
				CLANG_WARN_UNREACHABLE_CODE = YES;
				CLANG_WARN__DUPLICATE_METHOD_MATCH = YES;
				CODE_SIGN_IDENTITY = "iPhone Developer";
				COPY_PHASE_STRIP = NO;
				DEBUG_INFORMATION_FORMAT = "dwarf-with-dsym";
				ENABLE_NS_ASSERTIONS = NO;
				ENABLE_STRICT_OBJC_MSGSEND = YES;
				GCC_C_LANGUAGE_STANDARD = gnu11;
				GCC_NO_COMMON_BLOCKS = YES;
				GCC_WARN_64_TO_32_BIT_CONVERSION = YES;
				GCC_WARN_ABOUT_RETURN_TYPE = YES_ERROR;
				GCC_WARN_UNDECLARED_SELECTOR = YES;
				GCC_WARN_UNINITIALIZED_AUTOS = YES_AGGRESSIVE;
				GCC_WARN_UNUSED_FUNCTION = YES;
				GCC_WARN_UNUSED_VARIABLE = YES;
				IPHONEOS_DEPLOYMENT_TARGET = 12.2;
				MTL_ENABLE_DEBUG_INFO = NO;
				MTL_FAST_MATH = YES;
				SDKROOT = iphoneos;
				SWIFT_COMPILATION_MODE = wholemodule;
				SWIFT_OPTIMIZATION_LEVEL = "-O";
				VALIDATE_PRODUCT = YES;
			};
			name = Release;
		};
		0A9E140622B7E2450039700D /* Debug */ = {
			isa = XCBuildConfiguration;
			buildSettings = {
				ASSETCATALOG_COMPILER_APPICON_NAME = AppIcon;
				CODE_SIGN_STYLE = Automatic;
				DEVELOPMENT_TEAM = 54XF24KKDK;
				INFOPLIST_FILE = "Spoon Patrol/Info.plist";
				LD_RUNPATH_SEARCH_PATHS = (
					"$(inherited)",
					"@executable_path/Frameworks",
				);
				PRODUCT_BUNDLE_IDENTIFIER = "com.casualprogrammer.Spoon-Patrol";
				PRODUCT_NAME = "$(TARGET_NAME)";
				SWIFT_VERSION = 5.0;
				TARGETED_DEVICE_FAMILY = "1,2";
			};
			name = Debug;
		};
		0A9E140722B7E2450039700D /* Release */ = {
			isa = XCBuildConfiguration;
			buildSettings = {
				ASSETCATALOG_COMPILER_APPICON_NAME = AppIcon;
				CODE_SIGN_STYLE = Automatic;
				DEVELOPMENT_TEAM = 54XF24KKDK;
				INFOPLIST_FILE = "Spoon Patrol/Info.plist";
				LD_RUNPATH_SEARCH_PATHS = (
					"$(inherited)",
					"@executable_path/Frameworks",
				);
				PRODUCT_BUNDLE_IDENTIFIER = "com.casualprogrammer.Spoon-Patrol";
				PRODUCT_NAME = "$(TARGET_NAME)";
				SWIFT_VERSION = 5.0;
				TARGETED_DEVICE_FAMILY = "1,2";
			};
			name = Release;
		};
		0A9E140922B7E2450039700D /* Debug */ = {
			isa = XCBuildConfiguration;
			buildSettings = {
				ALWAYS_EMBED_SWIFT_STANDARD_LIBRARIES = YES;
				BUNDLE_LOADER = "$(TEST_HOST)";
				CODE_SIGN_STYLE = Automatic;
				DEVELOPMENT_TEAM = 54XF24KKDK;
				INFOPLIST_FILE = "Spoon PatrolTests/Info.plist";
				LD_RUNPATH_SEARCH_PATHS = (
					"$(inherited)",
					"@executable_path/Frameworks",
					"@loader_path/Frameworks",
				);
				PRODUCT_BUNDLE_IDENTIFIER = "com.casualprogrammer.Spoon-PatrolTests";
				PRODUCT_NAME = "$(TARGET_NAME)";
				SWIFT_VERSION = 5.0;
				TARGETED_DEVICE_FAMILY = "1,2";
				TEST_HOST = "$(BUILT_PRODUCTS_DIR)/Spoon Patrol.app/Spoon Patrol";
			};
			name = Debug;
		};
		0A9E140A22B7E2450039700D /* Release */ = {
			isa = XCBuildConfiguration;
			buildSettings = {
				ALWAYS_EMBED_SWIFT_STANDARD_LIBRARIES = YES;
				BUNDLE_LOADER = "$(TEST_HOST)";
				CODE_SIGN_STYLE = Automatic;
				DEVELOPMENT_TEAM = 54XF24KKDK;
				INFOPLIST_FILE = "Spoon PatrolTests/Info.plist";
				LD_RUNPATH_SEARCH_PATHS = (
					"$(inherited)",
					"@executable_path/Frameworks",
					"@loader_path/Frameworks",
				);
				PRODUCT_BUNDLE_IDENTIFIER = "com.casualprogrammer.Spoon-PatrolTests";
				PRODUCT_NAME = "$(TARGET_NAME)";
				SWIFT_VERSION = 5.0;
				TARGETED_DEVICE_FAMILY = "1,2";
				TEST_HOST = "$(BUILT_PRODUCTS_DIR)/Spoon Patrol.app/Spoon Patrol";
			};
			name = Release;
		};
		0A9E140C22B7E2450039700D /* Debug */ = {
			isa = XCBuildConfiguration;
			buildSettings = {
				ALWAYS_EMBED_SWIFT_STANDARD_LIBRARIES = YES;
				CODE_SIGN_STYLE = Automatic;
				DEVELOPMENT_TEAM = 54XF24KKDK;
				INFOPLIST_FILE = "Spoon PatrolUITests/Info.plist";
				LD_RUNPATH_SEARCH_PATHS = (
					"$(inherited)",
					"@executable_path/Frameworks",
					"@loader_path/Frameworks",
				);
				PRODUCT_BUNDLE_IDENTIFIER = "com.casualprogrammer.Spoon-PatrolUITests";
				PRODUCT_NAME = "$(TARGET_NAME)";
				SWIFT_VERSION = 5.0;
				TARGETED_DEVICE_FAMILY = "1,2";
				TEST_TARGET_NAME = "Spoon Patrol";
			};
			name = Debug;
		};
		0A9E140D22B7E2450039700D /* Release */ = {
			isa = XCBuildConfiguration;
			buildSettings = {
				ALWAYS_EMBED_SWIFT_STANDARD_LIBRARIES = YES;
				CODE_SIGN_STYLE = Automatic;
				DEVELOPMENT_TEAM = 54XF24KKDK;
				INFOPLIST_FILE = "Spoon PatrolUITests/Info.plist";
				LD_RUNPATH_SEARCH_PATHS = (
					"$(inherited)",
					"@executable_path/Frameworks",
					"@loader_path/Frameworks",
				);
				PRODUCT_BUNDLE_IDENTIFIER = "com.casualprogrammer.Spoon-PatrolUITests";
				PRODUCT_NAME = "$(TARGET_NAME)";
				SWIFT_VERSION = 5.0;
				TARGETED_DEVICE_FAMILY = "1,2";
				TEST_TARGET_NAME = "Spoon Patrol";
			};
			name = Release;
		};
/* End XCBuildConfiguration section */

/* Begin XCConfigurationList section */
		0A9E13D222B7E2440039700D /* Build configuration list for PBXProject "Spoon Patrol" */ = {
			isa = XCConfigurationList;
			buildConfigurations = (
				0A9E140322B7E2450039700D /* Debug */,
				0A9E140422B7E2450039700D /* Release */,
			);
			defaultConfigurationIsVisible = 0;
			defaultConfigurationName = Release;
		};
		0A9E140522B7E2450039700D /* Build configuration list for PBXNativeTarget "Spoon Patrol" */ = {
			isa = XCConfigurationList;
			buildConfigurations = (
				0A9E140622B7E2450039700D /* Debug */,
				0A9E140722B7E2450039700D /* Release */,
			);
			defaultConfigurationIsVisible = 0;
			defaultConfigurationName = Release;
		};
		0A9E140822B7E2450039700D /* Build configuration list for PBXNativeTarget "Spoon PatrolTests" */ = {
			isa = XCConfigurationList;
			buildConfigurations = (
				0A9E140922B7E2450039700D /* Debug */,
				0A9E140A22B7E2450039700D /* Release */,
			);
			defaultConfigurationIsVisible = 0;
			defaultConfigurationName = Release;
		};
		0A9E140B22B7E2450039700D /* Build configuration list for PBXNativeTarget "Spoon PatrolUITests" */ = {
			isa = XCConfigurationList;
			buildConfigurations = (
				0A9E140C22B7E2450039700D /* Debug */,
				0A9E140D22B7E2450039700D /* Release */,
			);
			defaultConfigurationIsVisible = 0;
			defaultConfigurationName = Release;
		};
/* End XCConfigurationList section */
	};
	rootObject = 0A9E13CF22B7E2440039700D /* Project object */;
}
